
Microsoft Visual Studio Solution File, Format Version 12.00
# Visual Studio Version 17
VisualStudioVersion = 17.8.34330.188
MinimumVisualStudioVersion = 10.0.40219.1
Project("{FAE04EC0-301F-11D3-BF4B-00C04F79EFBC}") = "Hello_CSharp", "Hello_CSharp\Hello_CSharp.csproj", "{646BDA65-13A5-44B6-94B4-6585DDACB9ED}"
EndProject
Project("{FAE04EC0-301F-11D3-BF4B-00C04F79EFBC}") = "Hello_CSharp_TopLvLStat", "Hello_CSharp_TopLvLStat\Hello_CSharp_TopLvLStat.csproj", "{1DD11683-3672-461F-83F7-1A8B1AFA0F3A}"
EndProject
Global
	GlobalSection(SolutionConfigurationPlatforms) = preSolution
		Debug|Any CPU = Debug|Any CPU
		Release|Any CPU = Release|Any CPU
	EndGlobalSection
	GlobalSection(ProjectConfigurationPlatforms) = postSolution
		{646BDA65-13A5-44B6-94B4-6585DDACB9ED}.Debug|Any CPU.ActiveCfg = Debug|Any CPU
		{646BDA65-13A5-44B6-94B4-6585DDACB9ED}.Debug|Any CPU.Build.0 = Debug|Any CPU
		{646BDA65-13A5-44B6-94B4-6585DDACB9ED}.Release|Any CPU.ActiveCfg = Release|Any CPU
		{646BDA65-13A5-44B6-94B4-6585DDACB9ED}.Release|Any CPU.Build.0 = Release|Any CPU
		{1DD11683-3672-461F-83F7-1A8B1AFA0F3A}.Debug|Any CPU.ActiveCfg = Debug|Any CPU
		{1DD11683-3672-461F-83F7-1A8B1AFA0F3A}.Debug|Any CPU.Build.0 = Debug|Any CPU
		{1DD11683-3672-461F-83F7-1A8B1AFA0F3A}.Release|Any CPU.ActiveCfg = Release|Any CPU
		{1DD11683-3672-461F-83F7-1A8B1AFA0F3A}.Release|Any CPU.Build.0 = Release|Any CPU
	EndGlobalSection
	GlobalSection(SolutionProperties) = preSolution
		HideSolutionNode = FALSE
	EndGlobalSection
	GlobalSection(ExtensibilityGlobals) = postSolution
		SolutionGuid = {B40044BF-1A40-454A-B8A4-8B10B9D7D9E3}
	EndGlobalSection
EndGlobal
